
Microsoft Visual Studio Solution File, Format Version 12.00
# Visual Studio 2012
Project("{FAE04EC0-301F-11D3-BF4B-00C04F79EFBC}") = "Toons Knockout Sample With SignalR", "LRDNUG Try 2\Toons Knockout Sample With SignalR.csproj", "{BD847519-8665-4027-9F7C-8013116DE08A}"
EndProject
Project("{2150E333-8FDC-42A3-9474-1A3956D46DE8}") = ".nuget", ".nuget", "{BEB7D495-A645-4E4A-90E7-A6140E83877F}"
	ProjectSection(SolutionItems) = preProject
		.nuget\packages.config = .nuget\packages.config
	EndProjectSection
EndProject
Global
	GlobalSection(SolutionConfigurationPlatforms) = preSolution
		Debug|Any CPU = Debug|Any CPU
		Release|Any CPU = Release|Any CPU
	EndGlobalSection
	GlobalSection(ProjectConfigurationPlatforms) = postSolution
		{BD847519-8665-4027-9F7C-8013116DE08A}.Debug|Any CPU.ActiveCfg = Debug|Any CPU
		{BD847519-8665-4027-9F7C-8013116DE08A}.Debug|Any CPU.Build.0 = Debug|Any CPU
		{BD847519-8665-4027-9F7C-8013116DE08A}.Release|Any CPU.ActiveCfg = Release|Any CPU
		{BD847519-8665-4027-9F7C-8013116DE08A}.Release|Any CPU.Build.0 = Release|Any CPU
	EndGlobalSection
	GlobalSection(SolutionProperties) = preSolution
		HideSolutionNode = FALSE
	EndGlobalSection
EndGlobal
